
Microsoft Visual Studio Solution File, Format Version 12.00
# Visual Studio Version 16
VisualStudioVersion = 16.0.30503.244
MinimumVisualStudioVersion = 10.0.40219.1
Project("{FAE04EC0-301F-11D3-BF4B-00C04F79EFBC}") = "T1CL", "T1CL\T1CL.csproj", "{CADB02C5-49C3-4CF9-9FDF-ADBEE2F42FBF}"
EndProject
Project("{FAE04EC0-301F-11D3-BF4B-00C04F79EFBC}") = "T1.2CL", "T1.2CL\T1.2CL.csproj", "{25CC6D72-52CA-4B57-8284-C55E8F2CAC40}"
EndProject
Project("{FAE04EC0-301F-11D3-BF4B-00C04F79EFBC}") = "T1WF", "T1WF\T1WF.csproj", "{2663F3F7-8B28-4AE7-B5FC-94F747B754CC}"
EndProject
Project("{FAE04EC0-301F-11D3-BF4B-00C04F79EFBC}") = "T1_2WF", "T1_2WF\T1_2WF.csproj", "{48C99238-A6E7-4DB3-8C68-A6746AA98201}"
EndProject
Project("{FAE04EC0-301F-11D3-BF4B-00C04F79EFBC}") = "T2CL", "T2CL\T2CL.csproj", "{D17B741F-A4F3-4F14-97AA-6EE3940D3152}"
EndProject
Project("{FAE04EC0-301F-11D3-BF4B-00C04F79EFBC}") = "T2WF", "T2WF\T2WF.csproj", "{F0865DC4-99F6-45E2-998A-C7D26CBC2496}"
EndProject
Project("{FAE04EC0-301F-11D3-BF4B-00C04F79EFBC}") = "T3CL", "T3CL\T3CL.csproj", "{73A4AB20-2A49-42E4-AB33-177AF6596D33}"
EndProject
Project("{FAE04EC0-301F-11D3-BF4B-00C04F79EFBC}") = "T3WF", "T3WF\T3WF.csproj", "{B7F278A7-A81B-40CE-87E3-7B5E62E35375}"
EndProject
Project("{FAE04EC0-301F-11D3-BF4B-00C04F79EFBC}") = "T4CL", "T4CL\T4CL.csproj", "{169BA98D-B6DD-40DF-B076-28BDC0E27AA1}"
EndProject
Project("{FAE04EC0-301F-11D3-BF4B-00C04F79EFBC}") = "T4WF", "T4WF\T4WF.csproj", "{B337CED6-83B9-4105-B971-96CEE05F2B01}"
EndProject
Global
	GlobalSection(SolutionConfigurationPlatforms) = preSolution
		Debug|Any CPU = Debug|Any CPU
		Release|Any CPU = Release|Any CPU
	EndGlobalSection
	GlobalSection(ProjectConfigurationPlatforms) = postSolution
		{CADB02C5-49C3-4CF9-9FDF-ADBEE2F42FBF}.Debug|Any CPU.ActiveCfg = Debug|Any CPU
		{CADB02C5-49C3-4CF9-9FDF-ADBEE2F42FBF}.Debug|Any CPU.Build.0 = Debug|Any CPU
		{CADB02C5-49C3-4CF9-9FDF-ADBEE2F42FBF}.Release|Any CPU.ActiveCfg = Release|Any CPU
		{CADB02C5-49C3-4CF9-9FDF-ADBEE2F42FBF}.Release|Any CPU.Build.0 = Release|Any CPU
		{25CC6D72-52CA-4B57-8284-C55E8F2CAC40}.Debug|Any CPU.ActiveCfg = Debug|Any CPU
		{25CC6D72-52CA-4B57-8284-C55E8F2CAC40}.Debug|Any CPU.Build.0 = Debug|Any CPU
		{25CC6D72-52CA-4B57-8284-C55E8F2CAC40}.Release|Any CPU.ActiveCfg = Release|Any CPU
		{25CC6D72-52CA-4B57-8284-C55E8F2CAC40}.Release|Any CPU.Build.0 = Release|Any CPU
		{2663F3F7-8B28-4AE7-B5FC-94F747B754CC}.Debug|Any CPU.ActiveCfg = Debug|Any CPU
		{2663F3F7-8B28-4AE7-B5FC-94F747B754CC}.Debug|Any CPU.Build.0 = Debug|Any CPU
		{2663F3F7-8B28-4AE7-B5FC-94F747B754CC}.Release|Any CPU.ActiveCfg = Release|Any CPU
		{2663F3F7-8B28-4AE7-B5FC-94F747B754CC}.Release|Any CPU.Build.0 = Release|Any CPU
		{48C99238-A6E7-4DB3-8C68-A6746AA98201}.Debug|Any CPU.ActiveCfg = Debug|Any CPU
		{48C99238-A6E7-4DB3-8C68-A6746AA98201}.Debug|Any CPU.Build.0 = Debug|Any CPU
		{48C99238-A6E7-4DB3-8C68-A6746AA98201}.Release|Any CPU.ActiveCfg = Release|Any CPU
		{48C99238-A6E7-4DB3-8C68-A6746AA98201}.Release|Any CPU.Build.0 = Release|Any CPU
		{D17B741F-A4F3-4F14-97AA-6EE3940D3152}.Debug|Any CPU.ActiveCfg = Debug|Any CPU
		{D17B741F-A4F3-4F14-97AA-6EE3940D3152}.Debug|Any CPU.Build.0 = Debug|Any CPU
		{D17B741F-A4F3-4F14-97AA-6EE3940D3152}.Release|Any CPU.ActiveCfg = Release|Any CPU
		{D17B741F-A4F3-4F14-97AA-6EE3940D3152}.Release|Any CPU.Build.0 = Release|Any CPU
		{F0865DC4-99F6-45E2-998A-C7D26CBC2496}.Debug|Any CPU.ActiveCfg = Debug|Any CPU
		{F0865DC4-99F6-45E2-998A-C7D26CBC2496}.Debug|Any CPU.Build.0 = Debug|Any CPU
		{F0865DC4-99F6-45E2-998A-C7D26CBC2496}.Release|Any CPU.ActiveCfg = Release|Any CPU
		{F0865DC4-99F6-45E2-998A-C7D26CBC2496}.Release|Any CPU.Build.0 = Release|Any CPU
		{73A4AB20-2A49-42E4-AB33-177AF6596D33}.Debug|Any CPU.ActiveCfg = Debug|Any CPU
		{73A4AB20-2A49-42E4-AB33-177AF6596D33}.Debug|Any CPU.Build.0 = Debug|Any CPU
		{73A4AB20-2A49-42E4-AB33-177AF6596D33}.Release|Any CPU.ActiveCfg = Release|Any CPU
		{73A4AB20-2A49-42E4-AB33-177AF6596D33}.Release|Any CPU.Build.0 = Release|Any CPU
		{B7F278A7-A81B-40CE-87E3-7B5E62E35375}.Debug|Any CPU.ActiveCfg = Debug|Any CPU
		{B7F278A7-A81B-40CE-87E3-7B5E62E35375}.Debug|Any CPU.Build.0 = Debug|Any CPU
		{B7F278A7-A81B-40CE-87E3-7B5E62E35375}.Release|Any CPU.ActiveCfg = Release|Any CPU
		{B7F278A7-A81B-40CE-87E3-7B5E62E35375}.Release|Any CPU.Build.0 = Release|Any CPU
		{169BA98D-B6DD-40DF-B076-28BDC0E27AA1}.Debug|Any CPU.ActiveCfg = Debug|Any CPU
		{169BA98D-B6DD-40DF-B076-28BDC0E27AA1}.Debug|Any CPU.Build.0 = Debug|Any CPU
		{169BA98D-B6DD-40DF-B076-28BDC0E27AA1}.Release|Any CPU.ActiveCfg = Release|Any CPU
		{169BA98D-B6DD-40DF-B076-28BDC0E27AA1}.Release|Any CPU.Build.0 = Release|Any CPU
		{B337CED6-83B9-4105-B971-96CEE05F2B01}.Debug|Any CPU.ActiveCfg = Debug|Any CPU
		{B337CED6-83B9-4105-B971-96CEE05F2B01}.Debug|Any CPU.Build.0 = Debug|Any CPU
		{B337CED6-83B9-4105-B971-96CEE05F2B01}.Release|Any CPU.ActiveCfg = Release|Any CPU
		{B337CED6-83B9-4105-B971-96CEE05F2B01}.Release|Any CPU.Build.0 = Release|Any CPU
	EndGlobalSection
	GlobalSection(SolutionProperties) = preSolution
		HideSolutionNode = FALSE
	EndGlobalSection
	GlobalSection(ExtensibilityGlobals) = postSolution
		SolutionGuid = {DDE96DD6-9DC9-4C4E-8387-C4B6DC6C2E21}
	EndGlobalSection
EndGlobal
